
Microsoft Visual Studio Solution File, Format Version 12.00
# Visual Studio Version 17
VisualStudioVersion = 17.3.32804.467
MinimumVisualStudioVersion = 10.0.40219.1
Project("{9A19103F-16F7-4668-BE54-9A1E7A4F7556}") = "Cigirci.Budgeteer.API", "Cigirci.Budgeteer.API\Cigirci.Budgeteer.API.csproj", "{248C64D9-24FA-4C4F-9F81-2197D74D6FFC}"
EndProject
Project("{9A19103F-16F7-4668-BE54-9A1E7A4F7556}") = "Cigirci.Budgeteer.Models", "Cigirci.Budgeteer.Models\Cigirci.Budgeteer.Models.csproj", "{1447B593-A0EE-4CD1-A8C1-7069448C5ADB}"
EndProject
Project("{9A19103F-16F7-4668-BE54-9A1E7A4F7556}") = "Cigirci.Budgeteer.DbContext", "Cigirci.Budgeteer.DbContext\Cigirci.Budgeteer.DbContext.csproj", "{1F42C851-9A16-4532-A35A-EF21FF798789}"
EndProject
Project("{9A19103F-16F7-4668-BE54-9A1E7A4F7556}") = "Cigirci.Budgeteer.Interfaces", "Cigirci.Budgeteer.Interfaces\Cigirci.Budgeteer.Interfaces.csproj", "{4BD2A331-EDB6-4ADC-991E-CA2DEB3AF993}"
EndProject
Project("{9A19103F-16F7-4668-BE54-9A1E7A4F7556}") = "Cigirci.Budgeteer.Enums", "Cigirci.Budgeteer.Enums\Cigirci.Budgeteer.Enums.csproj", "{1438277C-240A-433D-889B-4DDA36021898}"
EndProject
Project("{9A19103F-16F7-4668-BE54-9A1E7A4F7556}") = "Cigirci.Budgeteer.Contracts", "Cigirci.Budgeteer.Contracts\Cigirci.Budgeteer.Contracts.csproj", "{A9CF4E6C-FC03-42A6-83A3-AF1F2E7366BA}"
EndProject
Project("{9A19103F-16F7-4668-BE54-9A1E7A4F7556}") = "Cigirci.Budgeteer.Services", "Cigirci.Budgeteer.Services\Cigirci.Budgeteer.Services.csproj", "{FD620AFA-9E3D-4ADB-A8C0-01DE1350BAC7}"
EndProject
Project("{9A19103F-16F7-4668-BE54-9A1E7A4F7556}") = "Cigirci.Budgeteer.Services.Interfaces", "Cigirci.Budgeteer.Services.Interfaces\Cigirci.Budgeteer.Services.Interfaces.csproj", "{FF68A950-CF3B-466E-B5C7-A9E51B06DC1C}"
EndProject
Global
	GlobalSection(SolutionConfigurationPlatforms) = preSolution
		Debug|Any CPU = Debug|Any CPU
		Release|Any CPU = Release|Any CPU
	EndGlobalSection
	GlobalSection(ProjectConfigurationPlatforms) = postSolution
		{248C64D9-24FA-4C4F-9F81-2197D74D6FFC}.Debug|Any CPU.ActiveCfg = Debug|Any CPU
		{248C64D9-24FA-4C4F-9F81-2197D74D6FFC}.Debug|Any CPU.Build.0 = Debug|Any CPU
		{248C64D9-24FA-4C4F-9F81-2197D74D6FFC}.Release|Any CPU.ActiveCfg = Release|Any CPU
		{248C64D9-24FA-4C4F-9F81-2197D74D6FFC}.Release|Any CPU.Build.0 = Release|Any CPU
		{1447B593-A0EE-4CD1-A8C1-7069448C5ADB}.Debug|Any CPU.ActiveCfg = Debug|Any CPU
		{1447B593-A0EE-4CD1-A8C1-7069448C5ADB}.Debug|Any CPU.Build.0 = Debug|Any CPU
		{1447B593-A0EE-4CD1-A8C1-7069448C5ADB}.Release|Any CPU.ActiveCfg = Release|Any CPU
		{1447B593-A0EE-4CD1-A8C1-7069448C5ADB}.Release|Any CPU.Build.0 = Release|Any CPU
		{1F42C851-9A16-4532-A35A-EF21FF798789}.Debug|Any CPU.ActiveCfg = Debug|Any CPU
		{1F42C851-9A16-4532-A35A-EF21FF798789}.Debug|Any CPU.Build.0 = Debug|Any CPU
		{1F42C851-9A16-4532-A35A-EF21FF798789}.Release|Any CPU.ActiveCfg = Release|Any CPU
		{1F42C851-9A16-4532-A35A-EF21FF798789}.Release|Any CPU.Build.0 = Release|Any CPU
		{4BD2A331-EDB6-4ADC-991E-CA2DEB3AF993}.Debug|Any CPU.ActiveCfg = Debug|Any CPU
		{4BD2A331-EDB6-4ADC-991E-CA2DEB3AF993}.Debug|Any CPU.Build.0 = Debug|Any CPU
		{4BD2A331-EDB6-4ADC-991E-CA2DEB3AF993}.Release|Any CPU.ActiveCfg = Release|Any CPU
		{4BD2A331-EDB6-4ADC-991E-CA2DEB3AF993}.Release|Any CPU.Build.0 = Release|Any CPU
		{1438277C-240A-433D-889B-4DDA36021898}.Debug|Any CPU.ActiveCfg = Debug|Any CPU
		{1438277C-240A-433D-889B-4DDA36021898}.Debug|Any CPU.Build.0 = Debug|Any CPU
		{1438277C-240A-433D-889B-4DDA36021898}.Release|Any CPU.ActiveCfg = Release|Any CPU
		{1438277C-240A-433D-889B-4DDA36021898}.Release|Any CPU.Build.0 = Release|Any CPU
		{A9CF4E6C-FC03-42A6-83A3-AF1F2E7366BA}.Debug|Any CPU.ActiveCfg = Debug|Any CPU
		{A9CF4E6C-FC03-42A6-83A3-AF1F2E7366BA}.Debug|Any CPU.Build.0 = Debug|Any CPU
		{A9CF4E6C-FC03-42A6-83A3-AF1F2E7366BA}.Release|Any CPU.ActiveCfg = Release|Any CPU
		{A9CF4E6C-FC03-42A6-83A3-AF1F2E7366BA}.Release|Any CPU.Build.0 = Release|Any CPU
		{FD620AFA-9E3D-4ADB-A8C0-01DE1350BAC7}.Debug|Any CPU.ActiveCfg = Debug|Any CPU
		{FD620AFA-9E3D-4ADB-A8C0-01DE1350BAC7}.Debug|Any CPU.Build.0 = Debug|Any CPU
		{FD620AFA-9E3D-4ADB-A8C0-01DE1350BAC7}.Release|Any CPU.ActiveCfg = Release|Any CPU
		{FD620AFA-9E3D-4ADB-A8C0-01DE1350BAC7}.Release|Any CPU.Build.0 = Release|Any CPU
		{FF68A950-CF3B-466E-B5C7-A9E51B06DC1C}.Debug|Any CPU.ActiveCfg = Debug|Any CPU
		{FF68A950-CF3B-466E-B5C7-A9E51B06DC1C}.Debug|Any CPU.Build.0 = Debug|Any CPU
		{FF68A950-CF3B-466E-B5C7-A9E51B06DC1C}.Release|Any CPU.ActiveCfg = Release|Any CPU
		{FF68A950-CF3B-466E-B5C7-A9E51B06DC1C}.Release|Any CPU.Build.0 = Release|Any CPU
	EndGlobalSection
	GlobalSection(SolutionProperties) = preSolution
		HideSolutionNode = FALSE
	EndGlobalSection
	GlobalSection(ExtensibilityGlobals) = postSolution
		SolutionGuid = {DD60332E-F932-423D-A29F-E94716C97F91}
	EndGlobalSection
EndGlobal
